// !$*UTF8*$!
{
	archiveVersion = 1;
	classes = {
	};
	objectVersion = 50;
	objects = {

/* Begin PBXBuildFile section */
		3323FF63219A43C40000EBA2 /* QuestaoDoisResViewController.swift in Sources */ = {isa = PBXBuildFile; fileRef = 3323FF62219A43C40000EBA2 /* QuestaoDoisResViewController.swift */; };
		3323FF65219A43DA0000EBA2 /* QuestaoUmResViewController.swift in Sources */ = {isa = PBXBuildFile; fileRef = 3323FF64219A43DA0000EBA2 /* QuestaoUmResViewController.swift */; };
		33AB8E5921998F5B006A995D /* AppDelegate.swift in Sources */ = {isa = PBXBuildFile; fileRef = 33AB8E5821998F5B006A995D /* AppDelegate.swift */; };
		33AB8E5E21998F5B006A995D /* Main.storyboard in Resources */ = {isa = PBXBuildFile; fileRef = 33AB8E5C21998F5B006A995D /* Main.storyboard */; };
		33AB8E6321998F6E006A995D /* LaunchScreen.storyboard in Resources */ = {isa = PBXBuildFile; fileRef = 33AB8E6121998F6E006A995D /* LaunchScreen.storyboard */; };
		33AB8E752199AD0A006A995D /* Assets.xcassets in Resources */ = {isa = PBXBuildFile; fileRef = 33AB8E742199AD0A006A995D /* Assets.xcassets */; };
		33AB8E792199B3B8006A995D /* QuestaoUmViewController.swift in Sources */ = {isa = PBXBuildFile; fileRef = 33AB8E782199B3B8006A995D /* QuestaoUmViewController.swift */; };
		33AB8E7B2199B3E0006A995D /* QuestaoDoisViewController.swift in Sources */ = {isa = PBXBuildFile; fileRef = 33AB8E7A2199B3E0006A995D /* QuestaoDoisViewController.swift */; };
/* End PBXBuildFile section */

/* Begin PBXFileReference section */
		3323FF62219A43C40000EBA2 /* QuestaoDoisResViewController.swift */ = {isa = PBXFileReference; lastKnownFileType = sourcecode.swift; path = QuestaoDoisResViewController.swift; sourceTree = "<group>"; };
		3323FF64219A43DA0000EBA2 /* QuestaoUmResViewController.swift */ = {isa = PBXFileReference; lastKnownFileType = sourcecode.swift; path = QuestaoUmResViewController.swift; sourceTree = "<group>"; };
		33AB8E5521998F5B006A995D /* Conversão EMC.app */ = {isa = PBXFileReference; explicitFileType = wrapper.application; includeInIndex = 0; path = "Conversão EMC.app"; sourceTree = BUILT_PRODUCTS_DIR; };
		33AB8E5821998F5B006A995D /* AppDelegate.swift */ = {isa = PBXFileReference; lastKnownFileType = sourcecode.swift; path = AppDelegate.swift; sourceTree = "<group>"; };
		33AB8E5D21998F5B006A995D /* Base */ = {isa = PBXFileReference; lastKnownFileType = file.storyboard; name = Base; path = Base.lproj/Main.storyboard; sourceTree = "<group>"; };
		33AB8E6221998F6E006A995D /* Base */ = {isa = PBXFileReference; lastKnownFileType = file.storyboard; name = Base; path = Base.lproj/LaunchScreen.storyboard; sourceTree = "<group>"; };
		33AB8E6421998F6E006A995D /* Info.plist */ = {isa = PBXFileReference; lastKnownFileType = text.plist.xml; path = Info.plist; sourceTree = "<group>"; };
		33AB8E742199AD0A006A995D /* Assets.xcassets */ = {isa = PBXFileReference; lastKnownFileType = folder.assetcatalog; path = Assets.xcassets; sourceTree = "<group>"; };
		33AB8E782199B3B8006A995D /* QuestaoUmViewController.swift */ = {isa = PBXFileReference; lastKnownFileType = sourcecode.swift; path = QuestaoUmViewController.swift; sourceTree = "<group>"; };
		33AB8E7A2199B3E0006A995D /* QuestaoDoisViewController.swift */ = {isa = PBXFileReference; lastKnownFileType = sourcecode.swift; path = QuestaoDoisViewController.swift; sourceTree = "<group>"; };
/* End PBXFileReference section */

/* Begin PBXFrameworksBuildPhase section */
		33AB8E5221998F5A006A995D /* Frameworks */ = {
			isa = PBXFrameworksBuildPhase;
			buildActionMask = 2147483647;
			files = (
			);
			runOnlyForDeploymentPostprocessing = 0;
		};
/* End PBXFrameworksBuildPhase section */

/* Begin PBXGroup section */
		33AB8E4C21998F5A006A995D = {
			isa = PBXGroup;
			children = (
				33AB8E5721998F5B006A995D /* Conversão EMC */,
				33AB8E5621998F5B006A995D /* Products */,
			);
			sourceTree = "<group>";
		};
		33AB8E5621998F5B006A995D /* Products */ = {
			isa = PBXGroup;
			children = (
				33AB8E5521998F5B006A995D /* Conversão EMC.app */,
			);
			name = Products;
			sourceTree = "<group>";
		};
		33AB8E5721998F5B006A995D /* Conversão EMC */ = {
			isa = PBXGroup;
			children = (
				33AB8E742199AD0A006A995D /* Assets.xcassets */,
				33AB8E6B219991E0006A995D /* View */,
				33AB8E6A219991CA006A995D /* Controller */,
				33AB8E5821998F5B006A995D /* AppDelegate.swift */,
				33AB8E6421998F6E006A995D /* Info.plist */,
			);
			path = "Conversão EMC";
			sourceTree = "<group>";
		};
		33AB8E6A219991CA006A995D /* Controller */ = {
			isa = PBXGroup;
			children = (
				33AB8E782199B3B8006A995D /* QuestaoUmViewController.swift */,
				33AB8E7A2199B3E0006A995D /* QuestaoDoisViewController.swift */,
				3323FF62219A43C40000EBA2 /* QuestaoDoisResViewController.swift */,
				3323FF64219A43DA0000EBA2 /* QuestaoUmResViewController.swift */,
			);
			path = Controller;
			sourceTree = "<group>";
		};
		33AB8E6B219991E0006A995D /* View */ = {
			isa = PBXGroup;
			children = (
				33AB8E6121998F6E006A995D /* LaunchScreen.storyboard */,
				33AB8E5C21998F5B006A995D /* Main.storyboard */,
			);
			path = View;
			sourceTree = "<group>";
		};
/* End PBXGroup section */

/* Begin PBXNativeTarget section */
		33AB8E5421998F5A006A995D /* Conversão EMC */ = {
			isa = PBXNativeTarget;
			buildConfigurationList = 33AB8E6721998F6E006A995D /* Build configuration list for PBXNativeTarget "Conversão EMC" */;
			buildPhases = (
				33AB8E5121998F5A006A995D /* Sources */,
				33AB8E5221998F5A006A995D /* Frameworks */,
				33AB8E5321998F5A006A995D /* Resources */,
			);
			buildRules = (
			);
			dependencies = (
			);
			name = "Conversão EMC";
			productName = "Conversão EMC";
			productReference = 33AB8E5521998F5B006A995D /* Conversão EMC.app */;
			productType = "com.apple.product-type.application";
		};
/* End PBXNativeTarget section */

/* Begin PBXProject section */
		33AB8E4D21998F5A006A995D /* Project object */ = {
			isa = PBXProject;
			attributes = {
				LastSwiftUpdateCheck = 1010;
				LastUpgradeCheck = 1010;
				ORGANIZATIONNAME = ProgramasBMO;
				TargetAttributes = {
					33AB8E5421998F5A006A995D = {
						CreatedOnToolsVersion = 10.1;
					};
				};
			};
			buildConfigurationList = 33AB8E5021998F5A006A995D /* Build configuration list for PBXProject "Conversão EMC" */;
			compatibilityVersion = "Xcode 9.3";
			developmentRegion = en;
			hasScannedForEncodings = 0;
			knownRegions = (
				en,
				Base,
			);
			mainGroup = 33AB8E4C21998F5A006A995D;
			productRefGroup = 33AB8E5621998F5B006A995D /* Products */;
			projectDirPath = "";
			projectRoot = "";
			targets = (
				33AB8E5421998F5A006A995D /* Conversão EMC */,
			);
		};
/* End PBXProject section */

/* Begin PBXResourcesBuildPhase section */
		33AB8E5321998F5A006A995D /* Resources */ = {
			isa = PBXResourcesBuildPhase;
			buildActionMask = 2147483647;
			files = (
				33AB8E6321998F6E006A995D /* LaunchScreen.storyboard in Resources */,
				33AB8E752199AD0A006A995D /* Assets.xcassets in Resources */,
				33AB8E5E21998F5B006A995D /* Main.storyboard in Resources */,
			);
			runOnlyForDeploymentPostprocessing = 0;
		};
/* End PBXResourcesBuildPhase section */

/* Begin PBXSourcesBuildPhase section */
		33AB8E5121998F5A006A995D /* Sources */ = {
			isa = PBXSourcesBuildPhase;
			buildActionMask = 2147483647;
			files = (
				33AB8E7B2199B3E0006A995D /* QuestaoDoisViewController.swift in Sources */,
				33AB8E5921998F5B006A995D /* AppDelegate.swift in Sources */,
				33AB8E792199B3B8006A995D /* QuestaoUmViewController.swift in Sources */,
				3323FF63219A43C40000EBA2 /* QuestaoDoisResViewController.swift in Sources */,
				3323FF65219A43DA0000EBA2 /* QuestaoUmResViewController.swift in Sources */,
			);
			runOnlyForDeploymentPostprocessing = 0;
		};
/* End PBXSourcesBuildPhase section */

/* Begin PBXVariantGroup section */
		33AB8E5C21998F5B006A995D /* Main.storyboard */ = {
			isa = PBXVariantGroup;
			children = (
				33AB8E5D21998F5B006A995D /* Base */,
			);
			name = Main.storyboard;
			sourceTree = "<group>";
		};
		33AB8E6121998F6E006A995D /* LaunchScreen.storyboard */ = {
			isa = PBXVariantGroup;
			children = (
				33AB8E6221998F6E006A995D /* Base */,
			);
			name = LaunchScreen.storyboard;
			sourceTree = "<group>";
		};
/* End PBXVariantGroup section */

/* Begin XCBuildConfiguration section */
		33AB8E6521998F6E006A995D /* Debug */ = {
			isa = XCBuildConfiguration;
			buildSettings = {
				ALWAYS_SEARCH_USER_PATHS = NO;
				CLANG_ANALYZER_NONNULL = YES;
				CLANG_ANALYZER_NUMBER_OBJECT_CONVERSION = YES_AGGRESSIVE;
				CLANG_CXX_LANGUAGE_STANDARD = "gnu++14";
				CLANG_CXX_LIBRARY = "libc++";
				CLANG_ENABLE_MODULES = YES;
				CLANG_ENABLE_OBJC_ARC = YES;
				CLANG_ENABLE_OBJC_WEAK = YES;
				CLANG_WARN_BLOCK_CAPTURE_AUTORELEASING = YES;
				CLANG_WARN_BOOL_CONVERSION = YES;
				CLANG_WARN_COMMA = YES;
				CLANG_WARN_CONSTANT_CONVERSION = YES;
				CLANG_WARN_DEPRECATED_OBJC_IMPLEMENTATIONS = YES;
				CLANG_WARN_DIRECT_OBJC_ISA_USAGE = YES_ERROR;
				CLANG_WARN_DOCUMENTATION_COMMENTS = YES;
				CLANG_WARN_EMPTY_BODY = YES;
				CLANG_WARN_ENUM_CONVERSION = YES;
				CLANG_WARN_INFINITE_RECURSION = YES;
				CLANG_WARN_INT_CONVERSION = YES;
				CLANG_WARN_NON_LITERAL_NULL_CONVERSION = YES;
				CLANG_WARN_OBJC_IMPLICIT_RETAIN_SELF = YES;
				CLANG_WARN_OBJC_LITERAL_CONVERSION = YES;
				CLANG_WARN_OBJC_ROOT_CLASS = YES_ERROR;
				CLANG_WARN_RANGE_LOOP_ANALYSIS = YES;
				CLANG_WARN_STRICT_PROTOTYPES = YES;
				CLANG_WARN_SUSPICIOUS_MOVE = YES;
				CLANG_WARN_UNGUARDED_AVAILABILITY = YES_AGGRESSIVE;
				CLANG_WARN_UNREACHABLE_CODE = YES;
				CLANG_WARN__DUPLICATE_METHOD_MATCH = YES;
				CODE_SIGN_IDENTITY = "iPhone Developer";
				COPY_PHASE_STRIP = NO;
				DEBUG_INFORMATION_FORMAT = dwarf;
				ENABLE_STRICT_OBJC_MSGSEND = YES;
				ENABLE_TESTABILITY = YES;
				GCC_C_LANGUAGE_STANDARD = gnu11;
				GCC_DYNAMIC_NO_PIC = NO;
				GCC_NO_COMMON_BLOCKS = YES;
				GCC_OPTIMIZATION_LEVEL = 0;
				GCC_PREPROCESSOR_DEFINITIONS = (
					"DEBUG=1",
					"$(inherited)",
				);
				GCC_WARN_64_TO_32_BIT_CONVERSION = YES;
				GCC_WARN_ABOUT_RETURN_TYPE = YES_ERROR;
				GCC_WARN_UNDECLARED_SELECTOR = YES;
				GCC_WARN_UNINITIALIZED_AUTOS = YES_AGGRESSIVE;
				GCC_WARN_UNUSED_FUNCTION = YES;
				GCC_WARN_UNUSED_VARIABLE = YES;
				IPHONEOS_DEPLOYMENT_TARGET = 12.1;
				MTL_ENABLE_DEBUG_INFO = INCLUDE_SOURCE;
				MTL_FAST_MATH = YES;
				ONLY_ACTIVE_ARCH = YES;
				SDKROOT = iphoneos;
				SWIFT_ACTIVE_COMPILATION_CONDITIONS = DEBUG;
				SWIFT_OPTIMIZATION_LEVEL = "-Onone";
			};
			name = Debug;
		};
		33AB8E6621998F6E006A995D /* Release */ = {
			isa = XCBuildConfiguration;
			buildSettings = {
				ALWAYS_SEARCH_USER_PATHS = NO;
				CLANG_ANALYZER_NONNULL = YES;
				CLANG_ANALYZER_NUMBER_OBJECT_CONVERSION = YES_AGGRESSIVE;
				CLANG_CXX_LANGUAGE_STANDARD = "gnu++14";
				CLANG_CXX_LIBRARY = "libc++";
				CLANG_ENABLE_MODULES = YES;
				CLANG_ENABLE_OBJC_ARC = YES;
				CLANG_ENABLE_OBJC_WEAK = YES;
				CLANG_WARN_BLOCK_CAPTURE_AUTORELEASING = YES;
				CLANG_WARN_BOOL_CONVERSION = YES;
				CLANG_WARN_COMMA = YES;
				CLANG_WARN_CONSTANT_CONVERSION = YES;
				CLANG_WARN_DEPRECATED_OBJC_IMPLEMENTATIONS = YES;
				CLANG_WARN_DIRECT_OBJC_ISA_USAGE = YES_ERROR;
				CLANG_WARN_DOCUMENTATION_COMMENTS = YES;
				CLANG_WARN_EMPTY_BODY = YES;
				CLANG_WARN_ENUM_CONVERSION = YES;
				CLANG_WARN_INFINITE_RECURSION = YES;
				CLANG_WARN_INT_CONVERSION = YES;
				CLANG_WARN_NON_LITERAL_NULL_CONVERSION = YES;
				CLANG_WARN_OBJC_IMPLICIT_RETAIN_SELF = YES;
				CLANG_WARN_OBJC_LITERAL_CONVERSION = YES;
				CLANG_WARN_OBJC_ROOT_CLASS = YES_ERROR;
				CLANG_WARN_RANGE_LOOP_ANALYSIS = YES;
				CLANG_WARN_STRICT_PROTOTYPES = YES;
				CLANG_WARN_SUSPICIOUS_MOVE = YES;
				CLANG_WARN_UNGUARDED_AVAILABILITY = YES_AGGRESSIVE;
				CLANG_WARN_UNREACHABLE_CODE = YES;
				CLANG_WARN__DUPLICATE_METHOD_MATCH = YES;
				CODE_SIGN_IDENTITY = "iPhone Developer";
				COPY_PHASE_STRIP = NO;
				DEBUG_INFORMATION_FORMAT = "dwarf-with-dsym";
				ENABLE_NS_ASSERTIONS = NO;
				ENABLE_STRICT_OBJC_MSGSEND = YES;
				GCC_C_LANGUAGE_STANDARD = gnu11;
				GCC_NO_COMMON_BLOCKS = YES;
				GCC_WARN_64_TO_32_BIT_CONVERSION = YES;
				GCC_WARN_ABOUT_RETURN_TYPE = YES_ERROR;
				GCC_WARN_UNDECLARED_SELECTOR = YES;
				GCC_WARN_UNINITIALIZED_AUTOS = YES_AGGRESSIVE;
				GCC_WARN_UNUSED_FUNCTION = YES;
				GCC_WARN_UNUSED_VARIABLE = YES;
				IPHONEOS_DEPLOYMENT_TARGET = 12.1;
				MTL_ENABLE_DEBUG_INFO = NO;
				MTL_FAST_MATH = YES;
				SDKROOT = iphoneos;
				SWIFT_COMPILATION_MODE = wholemodule;
				SWIFT_OPTIMIZATION_LEVEL = "-O";
				VALIDATE_PRODUCT = YES;
			};
			name = Release;
		};
		33AB8E6821998F6E006A995D /* Debug */ = {
			isa = XCBuildConfiguration;
			buildSettings = {
				ASSETCATALOG_COMPILER_APPICON_NAME = AppIcon;
				CODE_SIGN_STYLE = Automatic;
				DEVELOPMENT_TEAM = L5RH7482C6;
				INFOPLIST_FILE = "Conversão EMC/Info.plist";
				IPHONEOS_DEPLOYMENT_TARGET = 12.0;
				LD_RUNPATH_SEARCH_PATHS = (
					"$(inherited)",
					"@executable_path/Frameworks",
				);
				PRODUCT_BUNDLE_IDENTIFIER = "com.ProgramasBMO.Conversa-o-EMC";
				PRODUCT_NAME = "$(TARGET_NAME)";
				SWIFT_VERSION = 4.2;
				TARGETED_DEVICE_FAMILY = 1;
			};
			name = Debug;
		};
		33AB8E6921998F6E006A995D /* Release */ = {
			isa = XCBuildConfiguration;
			buildSettings = {
				ASSETCATALOG_COMPILER_APPICON_NAME = AppIcon;
				CODE_SIGN_STYLE = Automatic;
				DEVELOPMENT_TEAM = L5RH7482C6;
				INFOPLIST_FILE = "Conversão EMC/Info.plist";
				IPHONEOS_DEPLOYMENT_TARGET = 12.0;
				LD_RUNPATH_SEARCH_PATHS = (
					"$(inherited)",
					"@executable_path/Frameworks",
				);
				PRODUCT_BUNDLE_IDENTIFIER = "com.ProgramasBMO.Conversa-o-EMC";
				PRODUCT_NAME = "$(TARGET_NAME)";
				SWIFT_VERSION = 4.2;
				TARGETED_DEVICE_FAMILY = 1;
			};
			name = Release;
		};
/* End XCBuildConfiguration section */

/* Begin XCConfigurationList section */
		33AB8E5021998F5A006A995D /* Build configuration list for PBXProject "Conversão EMC" */ = {
			isa = XCConfigurationList;
			buildConfigurations = (
				33AB8E6521998F6E006A995D /* Debug */,
				33AB8E6621998F6E006A995D /* Release */,
			);
			defaultConfigurationIsVisible = 0;
			defaultConfigurationName = Release;
		};
		33AB8E6721998F6E006A995D /* Build configuration list for PBXNativeTarget "Conversão EMC" */ = {
			isa = XCConfigurationList;
			buildConfigurations = (
				33AB8E6821998F6E006A995D /* Debug */,
				33AB8E6921998F6E006A995D /* Release */,
			);
			defaultConfigurationIsVisible = 0;
			defaultConfigurationName = Release;
		};
/* End XCConfigurationList section */
	};
	rootObject = 33AB8E4D21998F5A006A995D /* Project object */;
}
